
Microsoft Visual Studio Solution File, Format Version 12.00
# Visual Studio 15
VisualStudioVersion = 15.0.28307.2092
MinimumVisualStudioVersion = 10.0.40219.1
Project("{8BC9CEB8-8B4A-11D0-8D11-00A0C91BC942}") = "Shaders", "Shaders\Shaders.vcxproj", "{1860D9B0-91A7-4187-BA25-C5F655B2C2A7}"
EndProject
Project("{8BC9CEB8-8B4A-11D0-8D11-00A0C91BC942}") = "Textures", "Textures\Textures.vcxproj", "{6DB86422-BA86-4092-BCD7-26FD3A01BC41}"
EndProject
Project("{8BC9CEB8-8B4A-11D0-8D11-00A0C91BC942}") = "Transformations", "Transformations\Transformations.vcxproj", "{5A14EE98-F690-4E0A-A626-48A7F55497E0}"
EndProject
Project("{8BC9CEB8-8B4A-11D0-8D11-00A0C91BC942}") = "CoordinateSystems", "CoordinateSystems\CoordinateSystems.vcxproj", "{B85F086F-3C72-4C4C-AB3D-67AB3281253B}"
EndProject
Project("{2150E333-8FDC-42A3-9474-1A3956D46DE8}") = "Solution Items", "Solution Items", "{AD4409CC-63C7-4C02-973A-57A19AB1887F}"
	ProjectSection(SolutionItems) = preProject
		IncludeDirs.txt = IncludeDirs.txt
		LibDirs.txt = LibDirs.txt
		LinkInputs.txt = LinkInputs.txt
	EndProjectSection
EndProject
Project("{8BC9CEB8-8B4A-11D0-8D11-00A0C91BC942}") = "FirstTriangles", "FirstTriangles\FirstTriangles.vcxproj", "{6EE91E65-697C-44D2-A74C-5D833FCCABDD}"
EndProject
Global
	GlobalSection(SolutionConfigurationPlatforms) = preSolution
		Debug|x64 = Debug|x64
		Debug|x86 = Debug|x86
		Release|x64 = Release|x64
		Release|x86 = Release|x86
	EndGlobalSection
	GlobalSection(ProjectConfigurationPlatforms) = postSolution
		{1860D9B0-91A7-4187-BA25-C5F655B2C2A7}.Debug|x64.ActiveCfg = Debug|x64
		{1860D9B0-91A7-4187-BA25-C5F655B2C2A7}.Debug|x64.Build.0 = Debug|x64
		{1860D9B0-91A7-4187-BA25-C5F655B2C2A7}.Debug|x86.ActiveCfg = Debug|Win32
		{1860D9B0-91A7-4187-BA25-C5F655B2C2A7}.Debug|x86.Build.0 = Debug|Win32
		{1860D9B0-91A7-4187-BA25-C5F655B2C2A7}.Release|x64.ActiveCfg = Release|x64
		{1860D9B0-91A7-4187-BA25-C5F655B2C2A7}.Release|x64.Build.0 = Release|x64
		{1860D9B0-91A7-4187-BA25-C5F655B2C2A7}.Release|x86.ActiveCfg = Release|Win32
		{1860D9B0-91A7-4187-BA25-C5F655B2C2A7}.Release|x86.Build.0 = Release|Win32
		{6DB86422-BA86-4092-BCD7-26FD3A01BC41}.Debug|x64.ActiveCfg = Debug|x64
		{6DB86422-BA86-4092-BCD7-26FD3A01BC41}.Debug|x64.Build.0 = Debug|x64
		{6DB86422-BA86-4092-BCD7-26FD3A01BC41}.Debug|x86.ActiveCfg = Debug|Win32
		{6DB86422-BA86-4092-BCD7-26FD3A01BC41}.Debug|x86.Build.0 = Debug|Win32
		{6DB86422-BA86-4092-BCD7-26FD3A01BC41}.Release|x64.ActiveCfg = Release|x64
		{6DB86422-BA86-4092-BCD7-26FD3A01BC41}.Release|x64.Build.0 = Release|x64
		{6DB86422-BA86-4092-BCD7-26FD3A01BC41}.Release|x86.ActiveCfg = Release|Win32
		{6DB86422-BA86-4092-BCD7-26FD3A01BC41}.Release|x86.Build.0 = Release|Win32
		{5A14EE98-F690-4E0A-A626-48A7F55497E0}.Debug|x64.ActiveCfg = Debug|x64
		{5A14EE98-F690-4E0A-A626-48A7F55497E0}.Debug|x64.Build.0 = Debug|x64
		{5A14EE98-F690-4E0A-A626-48A7F55497E0}.Debug|x86.ActiveCfg = Debug|Win32
		{5A14EE98-F690-4E0A-A626-48A7F55497E0}.Debug|x86.Build.0 = Debug|Win32
		{5A14EE98-F690-4E0A-A626-48A7F55497E0}.Release|x64.ActiveCfg = Release|x64
		{5A14EE98-F690-4E0A-A626-48A7F55497E0}.Release|x64.Build.0 = Release|x64
		{5A14EE98-F690-4E0A-A626-48A7F55497E0}.Release|x86.ActiveCfg = Release|Win32
		{5A14EE98-F690-4E0A-A626-48A7F55497E0}.Release|x86.Build.0 = Release|Win32
		{B85F086F-3C72-4C4C-AB3D-67AB3281253B}.Debug|x64.ActiveCfg = Debug|x64
		{B85F086F-3C72-4C4C-AB3D-67AB3281253B}.Debug|x64.Build.0 = Debug|x64
		{B85F086F-3C72-4C4C-AB3D-67AB3281253B}.Debug|x86.ActiveCfg = Debug|Win32
		{B85F086F-3C72-4C4C-AB3D-67AB3281253B}.Debug|x86.Build.0 = Debug|Win32
		{B85F086F-3C72-4C4C-AB3D-67AB3281253B}.Release|x64.ActiveCfg = Release|x64
		{B85F086F-3C72-4C4C-AB3D-67AB3281253B}.Release|x64.Build.0 = Release|x64
		{B85F086F-3C72-4C4C-AB3D-67AB3281253B}.Release|x86.ActiveCfg = Release|Win32
		{B85F086F-3C72-4C4C-AB3D-67AB3281253B}.Release|x86.Build.0 = Release|Win32
		{6EE91E65-697C-44D2-A74C-5D833FCCABDD}.Debug|x64.ActiveCfg = Debug|x64
		{6EE91E65-697C-44D2-A74C-5D833FCCABDD}.Debug|x64.Build.0 = Debug|x64
		{6EE91E65-697C-44D2-A74C-5D833FCCABDD}.Debug|x86.ActiveCfg = Debug|Win32
		{6EE91E65-697C-44D2-A74C-5D833FCCABDD}.Debug|x86.Build.0 = Debug|Win32
		{6EE91E65-697C-44D2-A74C-5D833FCCABDD}.Release|x64.ActiveCfg = Release|x64
		{6EE91E65-697C-44D2-A74C-5D833FCCABDD}.Release|x64.Build.0 = Release|x64
		{6EE91E65-697C-44D2-A74C-5D833FCCABDD}.Release|x86.ActiveCfg = Release|Win32
		{6EE91E65-697C-44D2-A74C-5D833FCCABDD}.Release|x86.Build.0 = Release|Win32
	EndGlobalSection
	GlobalSection(SolutionProperties) = preSolution
		HideSolutionNode = FALSE
	EndGlobalSection
	GlobalSection(ExtensibilityGlobals) = postSolution
		SolutionGuid = {8FEFE51E-4B74-49E5-8A06-8EBF061BC6DC}
	EndGlobalSection
EndGlobal
